// !$*UTF8*$!
{
	archiveVersion = 1;
	classes = {
	};
	objectVersion = 46;
	objects = {

/* Begin PBXBuildFile section */
		2F05799E14C05B15009D8B82 /* Foundation.framework in Frameworks */ = {isa = PBXBuildFile; fileRef = 2F05797E14C05A70009D8B82 /* Foundation.framework */; };
		2F0579A114C05B15009D8B82 /* main.m in Sources */ = {isa = PBXBuildFile; fileRef = 2F0579A014C05B15009D8B82 /* main.m */; };
		2F0579A514C05B15009D8B82 /* HIDTest.1 in CopyFiles */ = {isa = PBXBuildFile; fileRef = 2F0579A414C05B15009D8B82 /* HIDTest.1 */; };
		2F0579BE14C05F51009D8B82 /* InfoPlist.strings in Resources */ = {isa = PBXBuildFile; fileRef = 2F0579BC14C05F51009D8B82 /* InfoPlist.strings */; };
		2F0579C914C0629F009D8B82 /* IOKit.framework in Frameworks */ = {isa = PBXBuildFile; fileRef = 2F05799614C05AEB009D8B82 /* IOKit.framework */; };
		2F0579CD14C0636E009D8B82 /* MALHidCenter.h in Headers */ = {isa = PBXBuildFile; fileRef = 2F0579C814C0613B009D8B82 /* MALHidCenter.h */; settings = {ATTRIBUTES = (Public, ); }; };
		2F0579D014C06585009D8B82 /* MALHidCenter.m in Sources */ = {isa = PBXBuildFile; fileRef = 2F0579C614C06002009D8B82 /* MALHidCenter.m */; };
		2F0579D214C06693009D8B82 /* MALInput.framework in Frameworks */ = {isa = PBXBuildFile; fileRef = 2F0579B214C05F51009D8B82 /* MALInput.framework */; };
		2F0579D314C06879009D8B82 /* Foundation.framework in Frameworks */ = {isa = PBXBuildFile; fileRef = 2F05797E14C05A70009D8B82 /* Foundation.framework */; };
		2F0579D514C06966009D8B82 /* DDHidStandardUsages.plist in Resources */ = {isa = PBXBuildFile; fileRef = 2F0579D414C06966009D8B82 /* DDHidStandardUsages.plist */; };
		2F37CF4A16EFEB06001C6DD3 /* HID_usage_strings.plist in Resources */ = {isa = PBXBuildFile; fileRef = 2F37CF4616EFEB06001C6DD3 /* HID_usage_strings.plist */; };
		2F37CF4E16F00F5D001C6DD3 /* MALInput.h in Headers */ = {isa = PBXBuildFile; fileRef = 2F37CF4D16F00F5D001C6DD3 /* MALInput.h */; settings = {ATTRIBUTES = (Public, ); }; };
		2F37CF4F16F0110F001C6DD3 /* MALHidElement.h in Headers */ = {isa = PBXBuildFile; fileRef = 2FF38DD614EEC5680091504E /* MALHidElement.h */; settings = {ATTRIBUTES = (Public, ); }; };
		2F4FA2F014EF006F004C8126 /* MALInputCenter.h in Headers */ = {isa = PBXBuildFile; fileRef = 2F4FA2EE14EF006F004C8126 /* MALInputCenter.h */; settings = {ATTRIBUTES = (Public, ); }; };
		2F4FA2F114EF006F004C8126 /* MALInputCenter.m in Sources */ = {isa = PBXBuildFile; fileRef = 2F4FA2EF14EF006F004C8126 /* MALInputCenter.m */; };
		2F6DFCF316FE355E00C2BCCF /* MALInputProfile.m in Sources */ = {isa = PBXBuildFile; fileRef = 2F6DFCF216FE355E00C2BCCF /* MALInputProfile.m */; };
		2F6DFCFB16FE418B00C2BCCF /* MALIOElement.m in Sources */ = {isa = PBXBuildFile; fileRef = 2F6DFCF516FE3D4600C2BCCF /* MALIOElement.m */; };
		2F6DFCFC16FE418F00C2BCCF /* MALOutputElement.m in Sources */ = {isa = PBXBuildFile; fileRef = 2F6DFCF916FE404A00C2BCCF /* MALOutputElement.m */; };
		2FB388A616F2AD910023CAAF /* MALHidStructs.h in Headers */ = {isa = PBXBuildFile; fileRef = 2FF38DDB14EEC6A90091504E /* MALHidStructs.h */; settings = {ATTRIBUTES = (Public, ); }; };
		2FF38DDE14EEC7750091504E /* MALHidStructs.c in Sources */ = {isa = PBXBuildFile; fileRef = 2FF38DDC14EEC6F40091504E /* MALHidStructs.c */; };
		2FF38DDF14EEC7750091504E /* MALHidElement.m in Sources */ = {isa = PBXBuildFile; fileRef = 2FF38DD714EEC5680091504E /* MALHidElement.m */; };
		2FF38DE414EED4020091504E /* MALHidUsageMap.plist in Resources */ = {isa = PBXBuildFile; fileRef = 2FF38DE314EED4020091504E /* MALHidUsageMap.plist */; };
		2FF38DE714EEE5600091504E /* MALInputElement.h in Headers */ = {isa = PBXBuildFile; fileRef = 2FF38DE514EEE5600091504E /* MALInputElement.h */; settings = {ATTRIBUTES = (Public, ); }; };
		2FF38DE814EEE5600091504E /* MALInputElement.m in Sources */ = {isa = PBXBuildFile; fileRef = 2FF38DE614EEE5600091504E /* MALInputElement.m */; };
/* End PBXBuildFile section */

/* Begin PBXContainerItemProxy section */
		2F37CF4B16F00B77001C6DD3 /* PBXContainerItemProxy */ = {
			isa = PBXContainerItemProxy;
			containerPortal = 2F05796D14C05A70009D8B82 /* Project object */;
			proxyType = 1;
			remoteGlobalIDString = 2F0579B114C05F51009D8B82;
			remoteInfo = MALInput;
		};
/* End PBXContainerItemProxy section */

/* Begin PBXCopyFilesBuildPhase section */
		2F05799A14C05B15009D8B82 /* CopyFiles */ = {
			isa = PBXCopyFilesBuildPhase;
			buildActionMask = 2147483647;
			dstPath = /usr/share/man/man1/;
			dstSubfolderSpec = 0;
			files = (
				2F0579A514C05B15009D8B82 /* HIDTest.1 in CopyFiles */,
			);
			runOnlyForDeploymentPostprocessing = 1;
		};
/* End PBXCopyFilesBuildPhase section */

/* Begin PBXFileReference section */
		2F05797E14C05A70009D8B82 /* Foundation.framework */ = {isa = PBXFileReference; lastKnownFileType = wrapper.framework; name = Foundation.framework; path = System/Library/Frameworks/Foundation.framework; sourceTree = SDKROOT; };
		2F05799614C05AEB009D8B82 /* IOKit.framework */ = {isa = PBXFileReference; lastKnownFileType = wrapper.framework; name = IOKit.framework; path = System/Library/Frameworks/IOKit.framework; sourceTree = SDKROOT; };
		2F05799C14C05B15009D8B82 /* HIDTest */ = {isa = PBXFileReference; explicitFileType = "compiled.mach-o.executable"; includeInIndex = 0; path = HIDTest; sourceTree = BUILT_PRODUCTS_DIR; };
		2F0579A014C05B15009D8B82 /* main.m */ = {isa = PBXFileReference; lastKnownFileType = sourcecode.c.objc; path = main.m; sourceTree = "<group>"; };
		2F0579A314C05B15009D8B82 /* HIDTest-Prefix.pch */ = {isa = PBXFileReference; lastKnownFileType = sourcecode.c.h; path = "HIDTest-Prefix.pch"; sourceTree = "<group>"; };
		2F0579A414C05B15009D8B82 /* HIDTest.1 */ = {isa = PBXFileReference; lastKnownFileType = text.man; path = HIDTest.1; sourceTree = "<group>"; };
		2F0579B214C05F51009D8B82 /* MALInput.framework */ = {isa = PBXFileReference; explicitFileType = wrapper.framework; includeInIndex = 0; path = MALInput.framework; sourceTree = BUILT_PRODUCTS_DIR; };
		2F0579BB14C05F51009D8B82 /* MALHid-Info.plist */ = {isa = PBXFileReference; lastKnownFileType = text.plist.xml; path = "MALHid-Info.plist"; sourceTree = "<group>"; };
		2F0579BD14C05F51009D8B82 /* en */ = {isa = PBXFileReference; lastKnownFileType = text.plist.strings; name = en; path = en.lproj/InfoPlist.strings; sourceTree = "<group>"; };
		2F0579C614C06002009D8B82 /* MALHidCenter.m */ = {isa = PBXFileReference; fileEncoding = 4; lastKnownFileType = sourcecode.c.objc; path = MALHidCenter.m; sourceTree = "<group>"; };
		2F0579C814C0613B009D8B82 /* MALHidCenter.h */ = {isa = PBXFileReference; fileEncoding = 4; lastKnownFileType = sourcecode.c.h; path = MALHidCenter.h; sourceTree = "<group>"; };
		2F0579D114C065B8009D8B82 /* MALHid-Prefix.pch */ = {isa = PBXFileReference; fileEncoding = 4; lastKnownFileType = sourcecode.c.h; path = "MALHid-Prefix.pch"; sourceTree = "<group>"; };
		2F0579D414C06966009D8B82 /* DDHidStandardUsages.plist */ = {isa = PBXFileReference; fileEncoding = 4; lastKnownFileType = text.plist.xml; path = DDHidStandardUsages.plist; sourceTree = "<group>"; };
		2F37CF4716EFEB06001C6DD3 /* English */ = {isa = PBXFileReference; lastKnownFileType = text.plist.xml; name = English; path = "../../../../../Downloads/HID_Dumper/HID Utilities/English.lproj/HID_usage_strings.plist"; sourceTree = "<group>"; };
		2F37CF4D16F00F5D001C6DD3 /* MALInput.h */ = {isa = PBXFileReference; fileEncoding = 4; lastKnownFileType = sourcecode.c.h; name = MALInput.h; path = MALHid/MALInput.h; sourceTree = SOURCE_ROOT; };
		2F45597D14C0AF59004378A6 /* MALMacros.h */ = {isa = PBXFileReference; fileEncoding = 4; lastKnownFileType = sourcecode.c.h; name = MALMacros.h; path = /Users/rovolo/Stuff/Programming/Code/MALlib/MALMacros.h; sourceTree = "<absolute>"; };
		2F4FA2EE14EF006F004C8126 /* MALInputCenter.h */ = {isa = PBXFileReference; fileEncoding = 4; lastKnownFileType = sourcecode.c.h; path = MALInputCenter.h; sourceTree = "<group>"; };
		2F4FA2EF14EF006F004C8126 /* MALInputCenter.m */ = {isa = PBXFileReference; fileEncoding = 4; lastKnownFileType = sourcecode.c.objc; path = MALInputCenter.m; sourceTree = "<group>"; };
		2F6DFCF116FE355E00C2BCCF /* MALInputProfile.h */ = {isa = PBXFileReference; fileEncoding = 4; lastKnownFileType = sourcecode.c.h; path = MALInputProfile.h; sourceTree = "<group>"; };
		2F6DFCF216FE355E00C2BCCF /* MALInputProfile.m */ = {isa = PBXFileReference; fileEncoding = 4; lastKnownFileType = sourcecode.c.objc; path = MALInputProfile.m; sourceTree = "<group>"; };
		2F6DFCF416FE3D4600C2BCCF /* MALIOElement.h */ = {isa = PBXFileReference; fileEncoding = 4; lastKnownFileType = sourcecode.c.h; path = MALIOElement.h; sourceTree = "<group>"; };
		2F6DFCF516FE3D4600C2BCCF /* MALIOElement.m */ = {isa = PBXFileReference; fileEncoding = 4; lastKnownFileType = sourcecode.c.objc; path = MALIOElement.m; sourceTree = "<group>"; };
		2F6DFCF816FE404A00C2BCCF /* MALOutputElement.h */ = {isa = PBXFileReference; fileEncoding = 4; lastKnownFileType = sourcecode.c.h; path = MALOutputElement.h; sourceTree = "<group>"; };
		2F6DFCF916FE404A00C2BCCF /* MALOutputElement.m */ = {isa = PBXFileReference; fileEncoding = 4; lastKnownFileType = sourcecode.c.objc; path = MALOutputElement.m; sourceTree = "<group>"; };
		2FF38DD614EEC5680091504E /* MALHidElement.h */ = {isa = PBXFileReference; fileEncoding = 4; lastKnownFileType = sourcecode.c.h; path = MALHidElement.h; sourceTree = "<group>"; };
		2FF38DD714EEC5680091504E /* MALHidElement.m */ = {isa = PBXFileReference; fileEncoding = 4; lastKnownFileType = sourcecode.c.objc; path = MALHidElement.m; sourceTree = "<group>"; };
		2FF38DDA14EEC6330091504E /* MALHidInternal.h */ = {isa = PBXFileReference; fileEncoding = 4; lastKnownFileType = sourcecode.c.h; path = MALHidInternal.h; sourceTree = "<group>"; };
		2FF38DDB14EEC6A90091504E /* MALHidStructs.h */ = {isa = PBXFileReference; fileEncoding = 4; lastKnownFileType = sourcecode.c.h; path = MALHidStructs.h; sourceTree = "<group>"; };
		2FF38DDC14EEC6F40091504E /* MALHidStructs.c */ = {isa = PBXFileReference; fileEncoding = 4; lastKnownFileType = sourcecode.c.c; path = MALHidStructs.c; sourceTree = "<group>"; };
		2FF38DE314EED4020091504E /* MALHidUsageMap.plist */ = {isa = PBXFileReference; fileEncoding = 4; lastKnownFileType = text.plist.xml; path = MALHidUsageMap.plist; sourceTree = "<group>"; };
		2FF38DE514EEE5600091504E /* MALInputElement.h */ = {isa = PBXFileReference; fileEncoding = 4; lastKnownFileType = sourcecode.c.h; path = MALInputElement.h; sourceTree = "<group>"; };
		2FF38DE614EEE5600091504E /* MALInputElement.m */ = {isa = PBXFileReference; fileEncoding = 4; lastKnownFileType = sourcecode.c.objc; path = MALInputElement.m; sourceTree = "<group>"; };
/* End PBXFileReference section */

/* Begin PBXFrameworksBuildPhase section */
		2F05799914C05B15009D8B82 /* Frameworks */ = {
			isa = PBXFrameworksBuildPhase;
			buildActionMask = 2147483647;
			files = (
				2F0579D214C06693009D8B82 /* MALInput.framework in Frameworks */,
				2F05799E14C05B15009D8B82 /* Foundation.framework in Frameworks */,
			);
			runOnlyForDeploymentPostprocessing = 0;
		};
		2F0579AE14C05F51009D8B82 /* Frameworks */ = {
			isa = PBXFrameworksBuildPhase;
			buildActionMask = 2147483647;
			files = (
				2F0579D314C06879009D8B82 /* Foundation.framework in Frameworks */,
				2F0579C914C0629F009D8B82 /* IOKit.framework in Frameworks */,
			);
			runOnlyForDeploymentPostprocessing = 0;
		};
/* End PBXFrameworksBuildPhase section */

/* Begin PBXGroup section */
		2F05796B14C05A70009D8B82 = {
			isa = PBXGroup;
			children = (
				2F05799F14C05B15009D8B82 /* HIDTest */,
				2F0579B914C05F51009D8B82 /* MALHid */,
				2F05797814C05A70009D8B82 /* Frameworks */,
				2F05797714C05A70009D8B82 /* Products */,
			);
			sourceTree = "<group>";
		};
		2F05797714C05A70009D8B82 /* Products */ = {
			isa = PBXGroup;
			children = (
				2F05799C14C05B15009D8B82 /* HIDTest */,
				2F0579B214C05F51009D8B82 /* MALInput.framework */,
			);
			name = Products;
			sourceTree = "<group>";
		};
		2F05797814C05A70009D8B82 /* Frameworks */ = {
			isa = PBXGroup;
			children = (
				2F05797E14C05A70009D8B82 /* Foundation.framework */,
				2F05799614C05AEB009D8B82 /* IOKit.framework */,
			);
			name = Frameworks;
			sourceTree = "<group>";
		};
		2F05799F14C05B15009D8B82 /* HIDTest */ = {
			isa = PBXGroup;
			children = (
				2F0579A014C05B15009D8B82 /* main.m */,
				2F0579A214C05B15009D8B82 /* Supporting Files */,
			);
			path = HIDTest;
			sourceTree = "<group>";
		};
		2F0579A214C05B15009D8B82 /* Supporting Files */ = {
			isa = PBXGroup;
			children = (
				2F0579A414C05B15009D8B82 /* HIDTest.1 */,
				2F0579A314C05B15009D8B82 /* HIDTest-Prefix.pch */,
			);
			name = "Supporting Files";
			sourceTree = "<group>";
		};
		2F0579B914C05F51009D8B82 /* MALHid */ = {
			isa = PBXGroup;
			children = (
				2F6DFCF716FE3E6D00C2BCCF /* Elements */,
				2F45597D14C0AF59004378A6 /* MALMacros.h */,
				2F37CF4D16F00F5D001C6DD3 /* MALInput.h */,
				2F4FA2EE14EF006F004C8126 /* MALInputCenter.h */,
				2F4FA2EF14EF006F004C8126 /* MALInputCenter.m */,
				2F6DFCF116FE355E00C2BCCF /* MALInputProfile.h */,
				2F6DFCF216FE355E00C2BCCF /* MALInputProfile.m */,
				2F4FA2F214EF0091004C8126 /* HID */,
				2F0579BA14C05F51009D8B82 /* Supporting Files */,
			);
			path = MALHid;
			sourceTree = "<group>";
		};
		2F0579BA14C05F51009D8B82 /* Supporting Files */ = {
			isa = PBXGroup;
			children = (
				2F37CF4616EFEB06001C6DD3 /* HID_usage_strings.plist */,
				2F0579D414C06966009D8B82 /* DDHidStandardUsages.plist */,
				2FF38DE314EED4020091504E /* MALHidUsageMap.plist */,
				2F0579BB14C05F51009D8B82 /* MALHid-Info.plist */,
				2F0579BC14C05F51009D8B82 /* InfoPlist.strings */,
				2F0579D114C065B8009D8B82 /* MALHid-Prefix.pch */,
			);
			name = "Supporting Files";
			sourceTree = "<group>";
		};
		2F4FA2F214EF0091004C8126 /* HID */ = {
			isa = PBXGroup;
			children = (
				2FF38DDA14EEC6330091504E /* MALHidInternal.h */,
				2FF38DDB14EEC6A90091504E /* MALHidStructs.h */,
				2FF38DDC14EEC6F40091504E /* MALHidStructs.c */,
				2F0579C814C0613B009D8B82 /* MALHidCenter.h */,
				2F0579C614C06002009D8B82 /* MALHidCenter.m */,
				2FF38DD614EEC5680091504E /* MALHidElement.h */,
				2FF38DD714EEC5680091504E /* MALHidElement.m */,
			);
			name = HID;
			sourceTree = "<group>";
		};
		2F6DFCF716FE3E6D00C2BCCF /* Elements */ = {
			isa = PBXGroup;
			children = (
				2F6DFCF416FE3D4600C2BCCF /* MALIOElement.h */,
				2F6DFCF516FE3D4600C2BCCF /* MALIOElement.m */,
				2FF38DE514EEE5600091504E /* MALInputElement.h */,
				2FF38DE614EEE5600091504E /* MALInputElement.m */,
				2F6DFCF816FE404A00C2BCCF /* MALOutputElement.h */,
				2F6DFCF916FE404A00C2BCCF /* MALOutputElement.m */,
			);
			name = Elements;
			sourceTree = "<group>";
		};
/* End PBXGroup section */

/* Begin PBXHeadersBuildPhase section */
		2F0579AF14C05F51009D8B82 /* Headers */ = {
			isa = PBXHeadersBuildPhase;
			buildActionMask = 2147483647;
			files = (
				2F37CF4E16F00F5D001C6DD3 /* MALInput.h in Headers */,
				2FB388A616F2AD910023CAAF /* MALHidStructs.h in Headers */,
				2F0579CD14C0636E009D8B82 /* MALHidCenter.h in Headers */,
				2F37CF4F16F0110F001C6DD3 /* MALHidElement.h in Headers */,
				2F4FA2F014EF006F004C8126 /* MALInputCenter.h in Headers */,
				2FF38DE714EEE5600091504E /* MALInputElement.h in Headers */,
			);
			runOnlyForDeploymentPostprocessing = 0;
		};
/* End PBXHeadersBuildPhase section */

/* Begin PBXNativeTarget section */
		2F05799B14C05B15009D8B82 /* HIDTest */ = {
			isa = PBXNativeTarget;
			buildConfigurationList = 2F0579A614C05B15009D8B82 /* Build configuration list for PBXNativeTarget "HIDTest" */;
			buildPhases = (
				2F05799814C05B15009D8B82 /* Sources */,
				2F05799914C05B15009D8B82 /* Frameworks */,
				2F05799A14C05B15009D8B82 /* CopyFiles */,
			);
			buildRules = (
			);
			dependencies = (
				2F37CF4C16F00B77001C6DD3 /* PBXTargetDependency */,
			);
			name = HIDTest;
			productName = HIDTest;
			productReference = 2F05799C14C05B15009D8B82 /* HIDTest */;
			productType = "com.apple.product-type.tool";
		};
		2F0579B114C05F51009D8B82 /* MALInput */ = {
			isa = PBXNativeTarget;
			buildConfigurationList = 2F0579C314C05F51009D8B82 /* Build configuration list for PBXNativeTarget "MALInput" */;
			buildPhases = (
				2F0579AD14C05F51009D8B82 /* Sources */,
				2F0579AE14C05F51009D8B82 /* Frameworks */,
				2F0579AF14C05F51009D8B82 /* Headers */,
				2F0579B014C05F51009D8B82 /* Resources */,
			);
			buildRules = (
			);
			dependencies = (
			);
			name = MALInput;
			productName = MALHid;
			productReference = 2F0579B214C05F51009D8B82 /* MALInput.framework */;
			productType = "com.apple.product-type.framework";
		};
/* End PBXNativeTarget section */

/* Begin PBXProject section */
		2F05796D14C05A70009D8B82 /* Project object */ = {
			isa = PBXProject;
			attributes = {
				LastUpgradeCheck = 0460;
			};
			buildConfigurationList = 2F05797014C05A70009D8B82 /* Build configuration list for PBXProject "MALHid" */;
			compatibilityVersion = "Xcode 3.2";
			developmentRegion = English;
			hasScannedForEncodings = 0;
			knownRegions = (
				en,
				English,
			);
			mainGroup = 2F05796B14C05A70009D8B82;
			productRefGroup = 2F05797714C05A70009D8B82 /* Products */;
			projectDirPath = "";
			projectRoot = "";
			targets = (
				2F05799B14C05B15009D8B82 /* HIDTest */,
				2F0579B114C05F51009D8B82 /* MALInput */,
			);
		};
/* End PBXProject section */

/* Begin PBXResourcesBuildPhase section */
		2F0579B014C05F51009D8B82 /* Resources */ = {
			isa = PBXResourcesBuildPhase;
			buildActionMask = 2147483647;
			files = (
				2F0579BE14C05F51009D8B82 /* InfoPlist.strings in Resources */,
				2F0579D514C06966009D8B82 /* DDHidStandardUsages.plist in Resources */,
				2FF38DE414EED4020091504E /* MALHidUsageMap.plist in Resources */,
				2F37CF4A16EFEB06001C6DD3 /* HID_usage_strings.plist in Resources */,
			);
			runOnlyForDeploymentPostprocessing = 0;
		};
/* End PBXResourcesBuildPhase section */

/* Begin PBXSourcesBuildPhase section */
		2F05799814C05B15009D8B82 /* Sources */ = {
			isa = PBXSourcesBuildPhase;
			buildActionMask = 2147483647;
			files = (
				2F0579A114C05B15009D8B82 /* main.m in Sources */,
				2F6DFCF316FE355E00C2BCCF /* MALInputProfile.m in Sources */,
			);
			runOnlyForDeploymentPostprocessing = 0;
		};
		2F0579AD14C05F51009D8B82 /* Sources */ = {
			isa = PBXSourcesBuildPhase;
			buildActionMask = 2147483647;
			files = (
				2FF38DDE14EEC7750091504E /* MALHidStructs.c in Sources */,
				2FF38DDF14EEC7750091504E /* MALHidElement.m in Sources */,
				2F0579D014C06585009D8B82 /* MALHidCenter.m in Sources */,
				2FF38DE814EEE5600091504E /* MALInputElement.m in Sources */,
				2F4FA2F114EF006F004C8126 /* MALInputCenter.m in Sources */,
				2F6DFCFB16FE418B00C2BCCF /* MALIOElement.m in Sources */,
				2F6DFCFC16FE418F00C2BCCF /* MALOutputElement.m in Sources */,
			);
			runOnlyForDeploymentPostprocessing = 0;
		};
/* End PBXSourcesBuildPhase section */

/* Begin PBXTargetDependency section */
		2F37CF4C16F00B77001C6DD3 /* PBXTargetDependency */ = {
			isa = PBXTargetDependency;
			target = 2F0579B114C05F51009D8B82 /* MALInput */;
			targetProxy = 2F37CF4B16F00B77001C6DD3 /* PBXContainerItemProxy */;
		};
/* End PBXTargetDependency section */

/* Begin PBXVariantGroup section */
		2F0579BC14C05F51009D8B82 /* InfoPlist.strings */ = {
			isa = PBXVariantGroup;
			children = (
				2F0579BD14C05F51009D8B82 /* en */,
			);
			name = InfoPlist.strings;
			sourceTree = "<group>";
		};
		2F37CF4616EFEB06001C6DD3 /* HID_usage_strings.plist */ = {
			isa = PBXVariantGroup;
			children = (
				2F37CF4716EFEB06001C6DD3 /* English */,
			);
			name = HID_usage_strings.plist;
			sourceTree = "<group>";
		};
/* End PBXVariantGroup section */

/* Begin XCBuildConfiguration section */
		2F05798514C05A71009D8B82 /* Debug */ = {
			isa = XCBuildConfiguration;
			buildSettings = {
				ALWAYS_SEARCH_USER_PATHS = NO;
				ARCHS = "$(ARCHS_STANDARD_32_64_BIT)";
				CLANG_ENABLE_OBJC_ARC = NO;
				CLANG_WARN_CONSTANT_CONVERSION = YES;
				CLANG_WARN_ENUM_CONVERSION = YES;
				CLANG_WARN_INT_CONVERSION = YES;
				CLANG_WARN__DUPLICATE_METHOD_MATCH = YES;
				COPY_PHASE_STRIP = NO;
				GCC_C_LANGUAGE_STANDARD = gnu99;
				GCC_DYNAMIC_NO_PIC = NO;
				GCC_ENABLE_OBJC_EXCEPTIONS = YES;
				GCC_OPTIMIZATION_LEVEL = 0;
				GCC_PREPROCESSOR_DEFINITIONS = (
					"DEBUG=1",
					"$(inherited)",
				);
				GCC_SYMBOLS_PRIVATE_EXTERN = NO;
				GCC_VERSION = com.apple.compilers.llvm.clang.1_0;
				GCC_WARN_64_TO_32_BIT_CONVERSION = YES;
				GCC_WARN_ABOUT_MISSING_PROTOTYPES = YES;
				GCC_WARN_ABOUT_RETURN_TYPE = YES;
				GCC_WARN_UNINITIALIZED_AUTOS = YES;
				GCC_WARN_UNUSED_VARIABLE = YES;
				MACOSX_DEPLOYMENT_TARGET = 10.5;
				ONLY_ACTIVE_ARCH = YES;
				SDKROOT = macosx;
			};
			name = Debug;
		};
		2F05798614C05A71009D8B82 /* Release */ = {
			isa = XCBuildConfiguration;
			buildSettings = {
				ALWAYS_SEARCH_USER_PATHS = NO;
				ARCHS = "$(ARCHS_STANDARD_32_64_BIT)";
				CLANG_ENABLE_OBJC_ARC = NO;
				CLANG_WARN_CONSTANT_CONVERSION = YES;
				CLANG_WARN_ENUM_CONVERSION = YES;
				CLANG_WARN_INT_CONVERSION = YES;
				CLANG_WARN__DUPLICATE_METHOD_MATCH = YES;
				COPY_PHASE_STRIP = YES;
				DEBUG_INFORMATION_FORMAT = "dwarf-with-dsym";
				GCC_C_LANGUAGE_STANDARD = gnu99;
				GCC_ENABLE_OBJC_EXCEPTIONS = YES;
				GCC_VERSION = com.apple.compilers.llvm.clang.1_0;
				GCC_WARN_64_TO_32_BIT_CONVERSION = YES;
				GCC_WARN_ABOUT_MISSING_PROTOTYPES = YES;
				GCC_WARN_ABOUT_RETURN_TYPE = YES;
				GCC_WARN_UNINITIALIZED_AUTOS = YES;
				GCC_WARN_UNUSED_VARIABLE = YES;
				MACOSX_DEPLOYMENT_TARGET = 10.5;
				SDKROOT = macosx;
			};
			name = Release;
		};
		2F0579A714C05B15009D8B82 /* Debug */ = {
			isa = XCBuildConfiguration;
			buildSettings = {
				ARCHS = "$(ARCHS_STANDARD_32_64_BIT)";
				FRAMEWORK_SEARCH_PATHS = (
					"$(inherited)",
					"\"$(SRCROOT)/../../../../Library/Developer/Xcode/DerivedData/Products/Products/Debug\"",
				);
				GCC_PRECOMPILE_PREFIX_HEADER = YES;
				GCC_PREFIX_HEADER = "HIDTest/HIDTest-Prefix.pch";
				MACOSX_DEPLOYMENT_TARGET = 10.5;
				PRODUCT_NAME = "$(TARGET_NAME)";
			};
			name = Debug;
		};
		2F0579A814C05B15009D8B82 /* Release */ = {
			isa = XCBuildConfiguration;
			buildSettings = {
				ARCHS = "$(ARCHS_STANDARD_32_64_BIT)";
				FRAMEWORK_SEARCH_PATHS = (
					"$(inherited)",
					"\"$(SRCROOT)/../../../../Library/Developer/Xcode/DerivedData/Products/Products/Debug\"",
				);
				GCC_PRECOMPILE_PREFIX_HEADER = YES;
				GCC_PREFIX_HEADER = "HIDTest/HIDTest-Prefix.pch";
				MACOSX_DEPLOYMENT_TARGET = 10.5;
				PRODUCT_NAME = "$(TARGET_NAME)";
			};
			name = Release;
		};
		2F0579C414C05F51009D8B82 /* Debug */ = {
			isa = XCBuildConfiguration;
			buildSettings = {
				ARCHS = "$(ARCHS_STANDARD_32_64_BIT)";
				COMBINE_HIDPI_IMAGES = YES;
				DYLIB_COMPATIBILITY_VERSION = 1;
				DYLIB_CURRENT_VERSION = 1;
				FRAMEWORK_VERSION = A;
				GCC_PRECOMPILE_PREFIX_HEADER = YES;
				GCC_PREFIX_HEADER = "MALHid/MALHid-Prefix.pch";
				INFOPLIST_FILE = "MALHid/MALHid-Info.plist";
				MACOSX_DEPLOYMENT_TARGET = 10.5;
				PRODUCT_NAME = "$(TARGET_NAME)";
				WRAPPER_EXTENSION = framework;
			};
			name = Debug;
		};
		2F0579C514C05F51009D8B82 /* Release */ = {
			isa = XCBuildConfiguration;
			buildSettings = {
				ARCHS = "$(ARCHS_STANDARD_32_64_BIT)";
				COMBINE_HIDPI_IMAGES = YES;
				DYLIB_COMPATIBILITY_VERSION = 1;
				DYLIB_CURRENT_VERSION = 1;
				FRAMEWORK_VERSION = A;
				GCC_PRECOMPILE_PREFIX_HEADER = YES;
				GCC_PREFIX_HEADER = "MALHid/MALHid-Prefix.pch";
				INFOPLIST_FILE = "MALHid/MALHid-Info.plist";
				MACOSX_DEPLOYMENT_TARGET = 10.5;
				PRODUCT_NAME = "$(TARGET_NAME)";
				WRAPPER_EXTENSION = framework;
			};
			name = Release;
		};
/* End XCBuildConfiguration section */

/* Begin XCConfigurationList section */
		2F05797014C05A70009D8B82 /* Build configuration list for PBXProject "MALHid" */ = {
			isa = XCConfigurationList;
			buildConfigurations = (
				2F05798514C05A71009D8B82 /* Debug */,
				2F05798614C05A71009D8B82 /* Release */,
			);
			defaultConfigurationIsVisible = 0;
			defaultConfigurationName = Release;
		};
		2F0579A614C05B15009D8B82 /* Build configuration list for PBXNativeTarget "HIDTest" */ = {
			isa = XCConfigurationList;
			buildConfigurations = (
				2F0579A714C05B15009D8B82 /* Debug */,
				2F0579A814C05B15009D8B82 /* Release */,
			);
			defaultConfigurationIsVisible = 0;
			defaultConfigurationName = Release;
		};
		2F0579C314C05F51009D8B82 /* Build configuration list for PBXNativeTarget "MALInput" */ = {
			isa = XCConfigurationList;
			buildConfigurations = (
				2F0579C414C05F51009D8B82 /* Debug */,
				2F0579C514C05F51009D8B82 /* Release */,
			);
			defaultConfigurationIsVisible = 0;
			defaultConfigurationName = Release;
		};
/* End XCConfigurationList section */
	};
	rootObject = 2F05796D14C05A70009D8B82 /* Project object */;
}
